
Microsoft Visual Studio Solution File, Format Version 12.00
# Visual Studio Version 16
VisualStudioVersion = 16.0.31205.134
MinimumVisualStudioVersion = 10.0.40219.1
Project("{9A19103F-16F7-4668-BE54-9A1E7A4F7556}") = "portafolio2", "portafolio2.csproj", "{59659638-CFC0-4189-A5D4-BC2D0F894ABC}"
EndProject
Global
	GlobalSection(SolutionConfigurationPlatforms) = preSolution
		Debug|Any CPU = Debug|Any CPU
		Release|Any CPU = Release|Any CPU
	EndGlobalSection
	GlobalSection(ProjectConfigurationPlatforms) = postSolution
		{59659638-CFC0-4189-A5D4-BC2D0F894ABC}.Debug|Any CPU.ActiveCfg = Debug|Any CPU
		{59659638-CFC0-4189-A5D4-BC2D0F894ABC}.Debug|Any CPU.Build.0 = Debug|Any CPU
		{59659638-CFC0-4189-A5D4-BC2D0F894ABC}.Release|Any CPU.ActiveCfg = Release|Any CPU
		{59659638-CFC0-4189-A5D4-BC2D0F894ABC}.Release|Any CPU.Build.0 = Release|Any CPU
	EndGlobalSection
	GlobalSection(SolutionProperties) = preSolution
		HideSolutionNode = FALSE
	EndGlobalSection
	GlobalSection(ExtensibilityGlobals) = postSolution
		SolutionGuid = {1F3ED1AA-90EC-41C5-B50E-C67C631333D8}
	EndGlobalSection
EndGlobal
